
Microsoft Visual Studio Solution File, Format Version 11.00
# Visual Studio 2010
Project("{FAE04EC0-301F-11D3-BF4B-00C04F79EFBC}") = "NovusCraft.Site", "NovusCraft.Site\NovusCraft.Site.csproj", "{822188FD-D29F-4A03-BF66-691D519E334C}"
EndProject
Global
	GlobalSection(TestCaseManagementSettings) = postSolution
		CategoryFile = ScottDunn.vsmdi
	EndGlobalSection
	GlobalSection(SolutionConfigurationPlatforms) = preSolution
		Debug|Any CPU = Debug|Any CPU
		Release|Any CPU = Release|Any CPU
	EndGlobalSection
	GlobalSection(ProjectConfigurationPlatforms) = postSolution
		{822188FD-D29F-4A03-BF66-691D519E334C}.Debug|Any CPU.ActiveCfg = Debug|Any CPU
		{822188FD-D29F-4A03-BF66-691D519E334C}.Debug|Any CPU.Build.0 = Debug|Any CPU
		{822188FD-D29F-4A03-BF66-691D519E334C}.Release|Any CPU.ActiveCfg = Release|Any CPU
		{822188FD-D29F-4A03-BF66-691D519E334C}.Release|Any CPU.Build.0 = Release|Any CPU
	EndGlobalSection
	GlobalSection(SolutionProperties) = preSolution
		HideSolutionNode = FALSE
	EndGlobalSection
EndGlobal
